
Microsoft Visual Studio Solution File, Format Version 12.00
# Visual Studio Version 17
VisualStudioVersion = 17.7.34031.279
MinimumVisualStudioVersion = 10.0.40219.1
Project("{FAE04EC0-301F-11D3-BF4B-00C04F79EFBC}") = "ProcurementProcess.Net6", "ProcurementProcess.Net6.csproj", "{87833DFB-4795-435B-B42D-9A0FEC108C6A}"
EndProject
Global
	GlobalSection(SolutionConfigurationPlatforms) = preSolution
		Debug|Any CPU = Debug|Any CPU
		Release|Any CPU = Release|Any CPU
	EndGlobalSection
	GlobalSection(ProjectConfigurationPlatforms) = postSolution
		{87833DFB-4795-435B-B42D-9A0FEC108C6A}.Debug|Any CPU.ActiveCfg = Debug|Any CPU
		{87833DFB-4795-435B-B42D-9A0FEC108C6A}.Debug|Any CPU.Build.0 = Debug|Any CPU
		{87833DFB-4795-435B-B42D-9A0FEC108C6A}.Release|Any CPU.ActiveCfg = Release|Any CPU
		{87833DFB-4795-435B-B42D-9A0FEC108C6A}.Release|Any CPU.Build.0 = Release|Any CPU
	EndGlobalSection
	GlobalSection(SolutionProperties) = preSolution
		HideSolutionNode = FALSE
	EndGlobalSection
	GlobalSection(ExtensibilityGlobals) = postSolution
		SolutionGuid = {DB219358-6561-4B14-BC47-DF707CC53FEF}
	EndGlobalSection
EndGlobal
